
Microsoft Visual Studio Solution File, Format Version 12.00
# Visual Studio 15
VisualStudioVersion = 15.0.28306.52
MinimumVisualStudioVersion = 10.0.40219.1
Project("{FAE04EC0-301F-11D3-BF4B-00C04F79EFBC}") = "EPAMS", "EPAMS\EPAMS.csproj", "{36654452-73FC-4769-9717-FB823DAEA514}"
EndProject
Project("{FAE04EC0-301F-11D3-BF4B-00C04F79EFBC}") = "AgentMangement", "Library\AgentMangement\AgentMangement.csproj", "{62043145-178F-4F4D-AA21-0CF457354875}"
EndProject
Project("{FAE04EC0-301F-11D3-BF4B-00C04F79EFBC}") = "StartModule", "Library\StartModule\StartModule.csproj", "{4E89283D-5E27-4927-9080-9DE4DCA7E96D}"
EndProject
Project("{FAE04EC0-301F-11D3-BF4B-00C04F79EFBC}") = "SG", "Library\SG\SG.csproj", "{0DA28C6D-20DC-47F6-84A8-7F61CFB51D26}"
EndProject
Project("{FAE04EC0-301F-11D3-BF4B-00C04F79EFBC}") = "TypesManagement", "Library\TypesManagement\TypesManagement.csproj", "{6DB717E6-F320-4430-830D-EB0FABC294E9}"
EndProject
Project("{FAE04EC0-301F-11D3-BF4B-00C04F79EFBC}") = "GUI", "Library\GUI\GUI.csproj", "{1E11C238-F03B-4109-BA0D-C27BC7F74021}"
EndProject
Project("{FAE04EC0-301F-11D3-BF4B-00C04F79EFBC}") = "Tawkit", "Library\Tawkit\Tawkit.csproj", "{74AD6D99-0A06-449E-88EB-983BDAF6A7A7}"
EndProject
Project("{FAE04EC0-301F-11D3-BF4B-00C04F79EFBC}") = "CProcedures", "Library\CProcedures\CProcedures.csproj", "{573C5A74-0B87-4E5A-A67B-D22753C2E798}"
EndProject
Project("{FAE04EC0-301F-11D3-BF4B-00C04F79EFBC}") = "CReport", "Library\CReport\CReport.csproj", "{F6281425-97E1-4C0C-B660-A665F0916DD6}"
EndProject
Project("{FAE04EC0-301F-11D3-BF4B-00C04F79EFBC}") = "Utilities", "Library\Utilities\Utilities.csproj", "{5C8F8B9A-7A02-474B-8319-F4C5D3EAE5D0}"
EndProject
Project("{FAE04EC0-301F-11D3-BF4B-00C04F79EFBC}") = "RM", "Library\RM\RM.csproj", "{BB852AFA-0A67-4B32-AA7D-7461F3958238}"
EndProject
Project("{FAE04EC0-301F-11D3-BF4B-00C04F79EFBC}") = "Rating", "Modules\Rating\Rating.csproj", "{24815D53-B984-49DC-9340-F5B35FE2250C}"
EndProject
Project("{FAE04EC0-301F-11D3-BF4B-00C04F79EFBC}") = "TreeViewPanel", "Library\TreeViewPanel\TreeViewPanel.csproj", "{A3357FEB-FE84-41EB-A3DD-F23462D6F465}"
EndProject
Project("{FAE04EC0-301F-11D3-BF4B-00C04F79EFBC}") = "DET", "Modules\DET\DET.csproj", "{25BBF9C9-C7CD-4C29-A0E2-36BCCDA55344}"
EndProject
Project("{FAE04EC0-301F-11D3-BF4B-00C04F79EFBC}") = "Inspection", "Modules\Inspection\Inspection.csproj", "{D49D3836-7A01-4C99-8B99-4E39182E07ED}"
EndProject
Project("{FAE04EC0-301F-11D3-BF4B-00C04F79EFBC}") = "Costing", "Modules\Costing\Costing.csproj", "{8D8B67AB-3324-4788-84EA-C1D04DAED00A}"
EndProject
Project("{FAE04EC0-301F-11D3-BF4B-00C04F79EFBC}") = "Prioritization", "Modules\Prioritization\Prioritization.csproj", "{1553FFBD-9EB1-483E-87C2-8B1EADE570B2}"
EndProject
Project("{FAE04EC0-301F-11D3-BF4B-00C04F79EFBC}") = "Monitoring", "Modules\Monitoring\Monitoring.csproj", "{825B80D7-F5E8-499C-93FC-BD5FAC7345D9}"
EndProject
Project("{FAE04EC0-301F-11D3-BF4B-00C04F79EFBC}") = "BridgeRoutines", "Library\BridgeRoutines\BridgeRoutines.csproj", "{1716C37A-CA11-4350-BA03-EAC730605FA0}"
EndProject
Project("{FAE04EC0-301F-11D3-BF4B-00C04F79EFBC}") = "TextEditor", "Library\TextEditor\TextEditor.csproj", "{4A03385F-5834-404B-AC9B-B11BFF3A4E9D}"
EndProject
Project("{FAE04EC0-301F-11D3-BF4B-00C04F79EFBC}") = "MonitoringDevices", "Modules\MonitoringDevices\MonitoringDevices.csproj", "{EC7E51D3-9790-41D7-B64D-A2E6837E1E0F}"
EndProject
Project("{FAE04EC0-301F-11D3-BF4B-00C04F79EFBC}") = "Selection", "Library\Selection\Selection.csproj", "{99607A55-A19F-4BA2-9577-E9916566D540}"
EndProject
Project("{FAE04EC0-301F-11D3-BF4B-00C04F79EFBC}") = "DBManagement", "Library\DBManagement\DBManagement.csproj", "{88B473F5-8A1A-4AC0-B5E8-607DB20DC576}"
EndProject
Project("{FAE04EC0-301F-11D3-BF4B-00C04F79EFBC}") = "DETRoutines", "Library\DETRoutines\DETRoutines.csproj", "{0EEFA8DD-523D-423F-BB92-DD586908803A}"
EndProject
Project("{FAE04EC0-301F-11D3-BF4B-00C04F79EFBC}") = "DocReports", "Library\DocReports\DocReports.csproj", "{1559C3A9-CC72-4212-8364-188D405EC560}"
EndProject
Project("{FAE04EC0-301F-11D3-BF4B-00C04F79EFBC}") = "FileMediaManager", "Library\FileMediaManager\FileMediaManager.csproj", "{D19697E2-D16B-4534-A7A2-CE482C924495}"
EndProject
Project("{FAE04EC0-301F-11D3-BF4B-00C04F79EFBC}") = "Gantt", "Library\Gantt\Gantt.csproj", "{081DC5DC-22F9-408F-A3B0-313BA0ACA57D}"
EndProject
Project("{FAE04EC0-301F-11D3-BF4B-00C04F79EFBC}") = "Grafter", "Library\Grafter\Grafter.csproj", "{3FB3D536-1760-47BF-9D11-F428571BA2B6}"
EndProject
Project("{FAE04EC0-301F-11D3-BF4B-00C04F79EFBC}") = "Maintenance", "Library\Maintenance\Maintenance.csproj", "{51C3B0C3-34ED-4A09-AD61-6EA8F3D642ED}"
EndProject
Project("{FAE04EC0-301F-11D3-BF4B-00C04F79EFBC}") = "NBIC", "Library\NBICoding\NBIC.csproj", "{31F5990B-08D5-41F6-8CEB-4849430E79A1}"
EndProject
Project("{FAE04EC0-301F-11D3-BF4B-00C04F79EFBC}") = "RUI", "Library\RUI\RUI.csproj", "{748ABCCC-A176-4C08-A70F-0E2764A10EEE}"
EndProject
Project("{FAE04EC0-301F-11D3-BF4B-00C04F79EFBC}") = "TypesManager", "Library\TypesManager\TypesManager.csproj", "{22AC10E7-3970-4FEC-A7D4-845AB463A2E6}"
EndProject
Project("{54435603-DBB4-11D2-8724-00A0C9A8B90C}") = "Setup", "Setup\Setup.vdproj", "{E416F156-3BE6-4657-84D1-5238CD62DDF0}"
EndProject
Global
	GlobalSection(SolutionConfigurationPlatforms) = preSolution
		Debug|Any CPU = Debug|Any CPU
		Debug|Mixed Platforms = Debug|Mixed Platforms
		Debug|x64 = Debug|x64
		Debug|x86 = Debug|x86
		Release|Any CPU = Release|Any CPU
		Release|Mixed Platforms = Release|Mixed Platforms
		Release|x64 = Release|x64
		Release|x86 = Release|x86
	EndGlobalSection
	GlobalSection(ProjectConfigurationPlatforms) = postSolution
		{36654452-73FC-4769-9717-FB823DAEA514}.Debug|Any CPU.ActiveCfg = Debug|Any CPU
		{36654452-73FC-4769-9717-FB823DAEA514}.Debug|Any CPU.Build.0 = Debug|Any CPU
		{36654452-73FC-4769-9717-FB823DAEA514}.Debug|Mixed Platforms.ActiveCfg = Debug|x64
		{36654452-73FC-4769-9717-FB823DAEA514}.Debug|Mixed Platforms.Build.0 = Debug|x64
		{36654452-73FC-4769-9717-FB823DAEA514}.Debug|x64.ActiveCfg = Debug|x64
		{36654452-73FC-4769-9717-FB823DAEA514}.Debug|x64.Build.0 = Debug|x64
		{36654452-73FC-4769-9717-FB823DAEA514}.Debug|x86.ActiveCfg = Debug|x86
		{36654452-73FC-4769-9717-FB823DAEA514}.Debug|x86.Build.0 = Debug|x86
		{36654452-73FC-4769-9717-FB823DAEA514}.Release|Any CPU.ActiveCfg = Release|x64
		{36654452-73FC-4769-9717-FB823DAEA514}.Release|Mixed Platforms.ActiveCfg = Release|Any CPU
		{36654452-73FC-4769-9717-FB823DAEA514}.Release|Mixed Platforms.Build.0 = Release|Any CPU
		{36654452-73FC-4769-9717-FB823DAEA514}.Release|x64.ActiveCfg = Release|x64
		{36654452-73FC-4769-9717-FB823DAEA514}.Release|x64.Build.0 = Release|x64
		{36654452-73FC-4769-9717-FB823DAEA514}.Release|x86.ActiveCfg = Release|x86
		{36654452-73FC-4769-9717-FB823DAEA514}.Release|x86.Build.0 = Release|x86
		{62043145-178F-4F4D-AA21-0CF457354875}.Debug|Any CPU.ActiveCfg = Debug|Any CPU
		{62043145-178F-4F4D-AA21-0CF457354875}.Debug|Any CPU.Build.0 = Debug|Any CPU
		{62043145-178F-4F4D-AA21-0CF457354875}.Debug|Mixed Platforms.ActiveCfg = Debug|x64
		{62043145-178F-4F4D-AA21-0CF457354875}.Debug|Mixed Platforms.Build.0 = Debug|x64
		{62043145-178F-4F4D-AA21-0CF457354875}.Debug|x64.ActiveCfg = Debug|x64
		{62043145-178F-4F4D-AA21-0CF457354875}.Debug|x64.Build.0 = Debug|x64
		{62043145-178F-4F4D-AA21-0CF457354875}.Debug|x86.ActiveCfg = Debug|x86
		{62043145-178F-4F4D-AA21-0CF457354875}.Debug|x86.Build.0 = Debug|x86
		{62043145-178F-4F4D-AA21-0CF457354875}.Release|Any CPU.ActiveCfg = Release|Any CPU
		{62043145-178F-4F4D-AA21-0CF457354875}.Release|Any CPU.Build.0 = Release|Any CPU
		{62043145-178F-4F4D-AA21-0CF457354875}.Release|Mixed Platforms.ActiveCfg = Release|Any CPU
		{62043145-178F-4F4D-AA21-0CF457354875}.Release|Mixed Platforms.Build.0 = Release|Any CPU
		{62043145-178F-4F4D-AA21-0CF457354875}.Release|x64.ActiveCfg = Release|x64
		{62043145-178F-4F4D-AA21-0CF457354875}.Release|x64.Build.0 = Release|x64
		{62043145-178F-4F4D-AA21-0CF457354875}.Release|x86.ActiveCfg = Release|x86
		{62043145-178F-4F4D-AA21-0CF457354875}.Release|x86.Build.0 = Release|x86
		{4E89283D-5E27-4927-9080-9DE4DCA7E96D}.Debug|Any CPU.ActiveCfg = Debug|Any CPU
		{4E89283D-5E27-4927-9080-9DE4DCA7E96D}.Debug|Any CPU.Build.0 = Debug|Any CPU
		{4E89283D-5E27-4927-9080-9DE4DCA7E96D}.Debug|Mixed Platforms.ActiveCfg = Debug|x64
		{4E89283D-5E27-4927-9080-9DE4DCA7E96D}.Debug|Mixed Platforms.Build.0 = Debug|x64
		{4E89283D-5E27-4927-9080-9DE4DCA7E96D}.Debug|x64.ActiveCfg = Debug|x64
		{4E89283D-5E27-4927-9080-9DE4DCA7E96D}.Debug|x64.Build.0 = Debug|x64
		{4E89283D-5E27-4927-9080-9DE4DCA7E96D}.Debug|x86.ActiveCfg = Debug|x86
		{4E89283D-5E27-4927-9080-9DE4DCA7E96D}.Debug|x86.Build.0 = Debug|x86
		{4E89283D-5E27-4927-9080-9DE4DCA7E96D}.Release|Any CPU.ActiveCfg = Release|Any CPU
		{4E89283D-5E27-4927-9080-9DE4DCA7E96D}.Release|Any CPU.Build.0 = Release|Any CPU
		{4E89283D-5E27-4927-9080-9DE4DCA7E96D}.Release|Mixed Platforms.ActiveCfg = Release|Any CPU
		{4E89283D-5E27-4927-9080-9DE4DCA7E96D}.Release|Mixed Platforms.Build.0 = Release|Any CPU
		{4E89283D-5E27-4927-9080-9DE4DCA7E96D}.Release|x64.ActiveCfg = Release|x64
		{4E89283D-5E27-4927-9080-9DE4DCA7E96D}.Release|x64.Build.0 = Release|x64
		{4E89283D-5E27-4927-9080-9DE4DCA7E96D}.Release|x86.ActiveCfg = Release|x86
		{4E89283D-5E27-4927-9080-9DE4DCA7E96D}.Release|x86.Build.0 = Release|x86
		{0DA28C6D-20DC-47F6-84A8-7F61CFB51D26}.Debug|Any CPU.ActiveCfg = Debug|Any CPU
		{0DA28C6D-20DC-47F6-84A8-7F61CFB51D26}.Debug|Any CPU.Build.0 = Debug|Any CPU
		{0DA28C6D-20DC-47F6-84A8-7F61CFB51D26}.Debug|Mixed Platforms.ActiveCfg = Debug|x64
		{0DA28C6D-20DC-47F6-84A8-7F61CFB51D26}.Debug|Mixed Platforms.Build.0 = Debug|x64
		{0DA28C6D-20DC-47F6-84A8-7F61CFB51D26}.Debug|x64.ActiveCfg = Debug|x64
		{0DA28C6D-20DC-47F6-84A8-7F61CFB51D26}.Debug|x64.Build.0 = Debug|x64
		{0DA28C6D-20DC-47F6-84A8-7F61CFB51D26}.Debug|x86.ActiveCfg = Debug|x86
		{0DA28C6D-20DC-47F6-84A8-7F61CFB51D26}.Debug|x86.Build.0 = Debug|x86
		{0DA28C6D-20DC-47F6-84A8-7F61CFB51D26}.Release|Any CPU.ActiveCfg = Release|Any CPU
		{0DA28C6D-20DC-47F6-84A8-7F61CFB51D26}.Release|Any CPU.Build.0 = Release|Any CPU
		{0DA28C6D-20DC-47F6-84A8-7F61CFB51D26}.Release|Mixed Platforms.ActiveCfg = Release|Any CPU
		{0DA28C6D-20DC-47F6-84A8-7F61CFB51D26}.Release|Mixed Platforms.Build.0 = Release|Any CPU
		{0DA28C6D-20DC-47F6-84A8-7F61CFB51D26}.Release|x64.ActiveCfg = Release|x64
		{0DA28C6D-20DC-47F6-84A8-7F61CFB51D26}.Release|x64.Build.0 = Release|x64
		{0DA28C6D-20DC-47F6-84A8-7F61CFB51D26}.Release|x86.ActiveCfg = Release|x86
		{0DA28C6D-20DC-47F6-84A8-7F61CFB51D26}.Release|x86.Build.0 = Release|x86
		{6DB717E6-F320-4430-830D-EB0FABC294E9}.Debug|Any CPU.ActiveCfg = Debug|Any CPU
		{6DB717E6-F320-4430-830D-EB0FABC294E9}.Debug|Any CPU.Build.0 = Debug|Any CPU
		{6DB717E6-F320-4430-830D-EB0FABC294E9}.Debug|Mixed Platforms.ActiveCfg = Debug|x64
		{6DB717E6-F320-4430-830D-EB0FABC294E9}.Debug|Mixed Platforms.Build.0 = Debug|x64
		{6DB717E6-F320-4430-830D-EB0FABC294E9}.Debug|x64.ActiveCfg = Debug|x64
		{6DB717E6-F320-4430-830D-EB0FABC294E9}.Debug|x64.Build.0 = Debug|x64
		{6DB717E6-F320-4430-830D-EB0FABC294E9}.Debug|x86.ActiveCfg = Debug|x86
		{6DB717E6-F320-4430-830D-EB0FABC294E9}.Debug|x86.Build.0 = Debug|x86
		{6DB717E6-F320-4430-830D-EB0FABC294E9}.Release|Any CPU.ActiveCfg = Release|Any CPU
		{6DB717E6-F320-4430-830D-EB0FABC294E9}.Release|Any CPU.Build.0 = Release|Any CPU
		{6DB717E6-F320-4430-830D-EB0FABC294E9}.Release|Mixed Platforms.ActiveCfg = Release|Any CPU
		{6DB717E6-F320-4430-830D-EB0FABC294E9}.Release|Mixed Platforms.Build.0 = Release|Any CPU
		{6DB717E6-F320-4430-830D-EB0FABC294E9}.Release|x64.ActiveCfg = Release|x64
		{6DB717E6-F320-4430-830D-EB0FABC294E9}.Release|x64.Build.0 = Release|x64
		{6DB717E6-F320-4430-830D-EB0FABC294E9}.Release|x86.ActiveCfg = Release|x86
		{6DB717E6-F320-4430-830D-EB0FABC294E9}.Release|x86.Build.0 = Release|x86
		{1E11C238-F03B-4109-BA0D-C27BC7F74021}.Debug|Any CPU.ActiveCfg = Debug|Any CPU
		{1E11C238-F03B-4109-BA0D-C27BC7F74021}.Debug|Any CPU.Build.0 = Debug|Any CPU
		{1E11C238-F03B-4109-BA0D-C27BC7F74021}.Debug|Mixed Platforms.ActiveCfg = Debug|x64
		{1E11C238-F03B-4109-BA0D-C27BC7F74021}.Debug|Mixed Platforms.Build.0 = Debug|x64
		{1E11C238-F03B-4109-BA0D-C27BC7F74021}.Debug|x64.ActiveCfg = Debug|x64
		{1E11C238-F03B-4109-BA0D-C27BC7F74021}.Debug|x64.Build.0 = Debug|x64
		{1E11C238-F03B-4109-BA0D-C27BC7F74021}.Debug|x86.ActiveCfg = Debug|x86
		{1E11C238-F03B-4109-BA0D-C27BC7F74021}.Debug|x86.Build.0 = Debug|x86
		{1E11C238-F03B-4109-BA0D-C27BC7F74021}.Release|Any CPU.ActiveCfg = Release|Any CPU
		{1E11C238-F03B-4109-BA0D-C27BC7F74021}.Release|Any CPU.Build.0 = Release|Any CPU
		{1E11C238-F03B-4109-BA0D-C27BC7F74021}.Release|Mixed Platforms.ActiveCfg = Release|Any CPU
		{1E11C238-F03B-4109-BA0D-C27BC7F74021}.Release|Mixed Platforms.Build.0 = Release|Any CPU
		{1E11C238-F03B-4109-BA0D-C27BC7F74021}.Release|x64.ActiveCfg = Release|x64
		{1E11C238-F03B-4109-BA0D-C27BC7F74021}.Release|x64.Build.0 = Release|x64
		{1E11C238-F03B-4109-BA0D-C27BC7F74021}.Release|x86.ActiveCfg = Release|x86
		{1E11C238-F03B-4109-BA0D-C27BC7F74021}.Release|x86.Build.0 = Release|x86
		{74AD6D99-0A06-449E-88EB-983BDAF6A7A7}.Debug|Any CPU.ActiveCfg = Debug|Any CPU
		{74AD6D99-0A06-449E-88EB-983BDAF6A7A7}.Debug|Any CPU.Build.0 = Debug|Any CPU
		{74AD6D99-0A06-449E-88EB-983BDAF6A7A7}.Debug|Mixed Platforms.ActiveCfg = Debug|x64
		{74AD6D99-0A06-449E-88EB-983BDAF6A7A7}.Debug|Mixed Platforms.Build.0 = Debug|x64
		{74AD6D99-0A06-449E-88EB-983BDAF6A7A7}.Debug|x64.ActiveCfg = Debug|x64
		{74AD6D99-0A06-449E-88EB-983BDAF6A7A7}.Debug|x64.Build.0 = Debug|x64
		{74AD6D99-0A06-449E-88EB-983BDAF6A7A7}.Debug|x86.ActiveCfg = Debug|x86
		{74AD6D99-0A06-449E-88EB-983BDAF6A7A7}.Debug|x86.Build.0 = Debug|x86
		{74AD6D99-0A06-449E-88EB-983BDAF6A7A7}.Release|Any CPU.ActiveCfg = Release|Any CPU
		{74AD6D99-0A06-449E-88EB-983BDAF6A7A7}.Release|Any CPU.Build.0 = Release|Any CPU
		{74AD6D99-0A06-449E-88EB-983BDAF6A7A7}.Release|Mixed Platforms.ActiveCfg = Release|Any CPU
		{74AD6D99-0A06-449E-88EB-983BDAF6A7A7}.Release|Mixed Platforms.Build.0 = Release|Any CPU
		{74AD6D99-0A06-449E-88EB-983BDAF6A7A7}.Release|x64.ActiveCfg = Release|x64
		{74AD6D99-0A06-449E-88EB-983BDAF6A7A7}.Release|x64.Build.0 = Release|x64
		{74AD6D99-0A06-449E-88EB-983BDAF6A7A7}.Release|x86.ActiveCfg = Release|x86
		{74AD6D99-0A06-449E-88EB-983BDAF6A7A7}.Release|x86.Build.0 = Release|x86
		{573C5A74-0B87-4E5A-A67B-D22753C2E798}.Debug|Any CPU.ActiveCfg = Debug|Any CPU
		{573C5A74-0B87-4E5A-A67B-D22753C2E798}.Debug|Any CPU.Build.0 = Debug|Any CPU
		{573C5A74-0B87-4E5A-A67B-D22753C2E798}.Debug|Mixed Platforms.ActiveCfg = Debug|x86
		{573C5A74-0B87-4E5A-A67B-D22753C2E798}.Debug|Mixed Platforms.Build.0 = Debug|x86
		{573C5A74-0B87-4E5A-A67B-D22753C2E798}.Debug|x64.ActiveCfg = Debug|x64
		{573C5A74-0B87-4E5A-A67B-D22753C2E798}.Debug|x64.Build.0 = Debug|x64
		{573C5A74-0B87-4E5A-A67B-D22753C2E798}.Debug|x86.ActiveCfg = Debug|x86
		{573C5A74-0B87-4E5A-A67B-D22753C2E798}.Debug|x86.Build.0 = Debug|x86
		{573C5A74-0B87-4E5A-A67B-D22753C2E798}.Release|Any CPU.ActiveCfg = Release|Any CPU
		{573C5A74-0B87-4E5A-A67B-D22753C2E798}.Release|Any CPU.Build.0 = Release|Any CPU
		{573C5A74-0B87-4E5A-A67B-D22753C2E798}.Release|Mixed Platforms.ActiveCfg = Release|Any CPU
		{573C5A74-0B87-4E5A-A67B-D22753C2E798}.Release|Mixed Platforms.Build.0 = Release|Any CPU
		{573C5A74-0B87-4E5A-A67B-D22753C2E798}.Release|x64.ActiveCfg = Release|x64
		{573C5A74-0B87-4E5A-A67B-D22753C2E798}.Release|x64.Build.0 = Release|x64
		{573C5A74-0B87-4E5A-A67B-D22753C2E798}.Release|x86.ActiveCfg = Release|x86
		{573C5A74-0B87-4E5A-A67B-D22753C2E798}.Release|x86.Build.0 = Release|x86
		{F6281425-97E1-4C0C-B660-A665F0916DD6}.Debug|Any CPU.ActiveCfg = Debug|Any CPU
		{F6281425-97E1-4C0C-B660-A665F0916DD6}.Debug|Any CPU.Build.0 = Debug|Any CPU
		{F6281425-97E1-4C0C-B660-A665F0916DD6}.Debug|Mixed Platforms.ActiveCfg = Debug|x86
		{F6281425-97E1-4C0C-B660-A665F0916DD6}.Debug|Mixed Platforms.Build.0 = Debug|x86
		{F6281425-97E1-4C0C-B660-A665F0916DD6}.Debug|x64.ActiveCfg = Debug|x64
		{F6281425-97E1-4C0C-B660-A665F0916DD6}.Debug|x64.Build.0 = Debug|x64
		{F6281425-97E1-4C0C-B660-A665F0916DD6}.Debug|x86.ActiveCfg = Debug|x86
		{F6281425-97E1-4C0C-B660-A665F0916DD6}.Debug|x86.Build.0 = Debug|x86
		{F6281425-97E1-4C0C-B660-A665F0916DD6}.Release|Any CPU.ActiveCfg = Release|Any CPU
		{F6281425-97E1-4C0C-B660-A665F0916DD6}.Release|Any CPU.Build.0 = Release|Any CPU
		{F6281425-97E1-4C0C-B660-A665F0916DD6}.Release|Mixed Platforms.ActiveCfg = Release|Any CPU
		{F6281425-97E1-4C0C-B660-A665F0916DD6}.Release|Mixed Platforms.Build.0 = Release|Any CPU
		{F6281425-97E1-4C0C-B660-A665F0916DD6}.Release|x64.ActiveCfg = Release|x64
		{F6281425-97E1-4C0C-B660-A665F0916DD6}.Release|x64.Build.0 = Release|x64
		{F6281425-97E1-4C0C-B660-A665F0916DD6}.Release|x86.ActiveCfg = Release|x86
		{F6281425-97E1-4C0C-B660-A665F0916DD6}.Release|x86.Build.0 = Release|x86
		{5C8F8B9A-7A02-474B-8319-F4C5D3EAE5D0}.Debug|Any CPU.ActiveCfg = Debug|Any CPU
		{5C8F8B9A-7A02-474B-8319-F4C5D3EAE5D0}.Debug|Any CPU.Build.0 = Debug|Any CPU
		{5C8F8B9A-7A02-474B-8319-F4C5D3EAE5D0}.Debug|Mixed Platforms.ActiveCfg = Debug|x64
		{5C8F8B9A-7A02-474B-8319-F4C5D3EAE5D0}.Debug|Mixed Platforms.Build.0 = Debug|x64
		{5C8F8B9A-7A02-474B-8319-F4C5D3EAE5D0}.Debug|x64.ActiveCfg = Debug|x64
		{5C8F8B9A-7A02-474B-8319-F4C5D3EAE5D0}.Debug|x64.Build.0 = Debug|x64
		{5C8F8B9A-7A02-474B-8319-F4C5D3EAE5D0}.Debug|x86.ActiveCfg = Debug|x86
		{5C8F8B9A-7A02-474B-8319-F4C5D3EAE5D0}.Debug|x86.Build.0 = Debug|x86
		{5C8F8B9A-7A02-474B-8319-F4C5D3EAE5D0}.Release|Any CPU.ActiveCfg = Release|Any CPU
		{5C8F8B9A-7A02-474B-8319-F4C5D3EAE5D0}.Release|Any CPU.Build.0 = Release|Any CPU
		{5C8F8B9A-7A02-474B-8319-F4C5D3EAE5D0}.Release|Mixed Platforms.ActiveCfg = Release|Any CPU
		{5C8F8B9A-7A02-474B-8319-F4C5D3EAE5D0}.Release|Mixed Platforms.Build.0 = Release|Any CPU
		{5C8F8B9A-7A02-474B-8319-F4C5D3EAE5D0}.Release|x64.ActiveCfg = Release|x64
		{5C8F8B9A-7A02-474B-8319-F4C5D3EAE5D0}.Release|x64.Build.0 = Release|x64
		{5C8F8B9A-7A02-474B-8319-F4C5D3EAE5D0}.Release|x86.ActiveCfg = Release|x86
		{5C8F8B9A-7A02-474B-8319-F4C5D3EAE5D0}.Release|x86.Build.0 = Release|x86
		{BB852AFA-0A67-4B32-AA7D-7461F3958238}.Debug|Any CPU.ActiveCfg = Debug|Any CPU
		{BB852AFA-0A67-4B32-AA7D-7461F3958238}.Debug|Any CPU.Build.0 = Debug|Any CPU
		{BB852AFA-0A67-4B32-AA7D-7461F3958238}.Debug|Mixed Platforms.ActiveCfg = Debug|x64
		{BB852AFA-0A67-4B32-AA7D-7461F3958238}.Debug|Mixed Platforms.Build.0 = Debug|x64
		{BB852AFA-0A67-4B32-AA7D-7461F3958238}.Debug|x64.ActiveCfg = Debug|x64
		{BB852AFA-0A67-4B32-AA7D-7461F3958238}.Debug|x64.Build.0 = Debug|x64
		{BB852AFA-0A67-4B32-AA7D-7461F3958238}.Debug|x86.ActiveCfg = Debug|x86
		{BB852AFA-0A67-4B32-AA7D-7461F3958238}.Debug|x86.Build.0 = Debug|x86
		{BB852AFA-0A67-4B32-AA7D-7461F3958238}.Release|Any CPU.ActiveCfg = Release|Any CPU
		{BB852AFA-0A67-4B32-AA7D-7461F3958238}.Release|Any CPU.Build.0 = Release|Any CPU
		{BB852AFA-0A67-4B32-AA7D-7461F3958238}.Release|Mixed Platforms.ActiveCfg = Release|x86
		{BB852AFA-0A67-4B32-AA7D-7461F3958238}.Release|Mixed Platforms.Build.0 = Release|x86
		{BB852AFA-0A67-4B32-AA7D-7461F3958238}.Release|x64.ActiveCfg = Release|x64
		{BB852AFA-0A67-4B32-AA7D-7461F3958238}.Release|x64.Build.0 = Release|x64
		{BB852AFA-0A67-4B32-AA7D-7461F3958238}.Release|x86.ActiveCfg = Release|x86
		{BB852AFA-0A67-4B32-AA7D-7461F3958238}.Release|x86.Build.0 = Release|x86
		{24815D53-B984-49DC-9340-F5B35FE2250C}.Debug|Any CPU.ActiveCfg = Debug|Any CPU
		{24815D53-B984-49DC-9340-F5B35FE2250C}.Debug|Any CPU.Build.0 = Debug|Any CPU
		{24815D53-B984-49DC-9340-F5B35FE2250C}.Debug|Mixed Platforms.ActiveCfg = Debug|x86
		{24815D53-B984-49DC-9340-F5B35FE2250C}.Debug|Mixed Platforms.Build.0 = Debug|x86
		{24815D53-B984-49DC-9340-F5B35FE2250C}.Debug|x64.ActiveCfg = Debug|x64
		{24815D53-B984-49DC-9340-F5B35FE2250C}.Debug|x64.Build.0 = Debug|x64
		{24815D53-B984-49DC-9340-F5B35FE2250C}.Debug|x86.ActiveCfg = Debug|x86
		{24815D53-B984-49DC-9340-F5B35FE2250C}.Debug|x86.Build.0 = Debug|x86
		{24815D53-B984-49DC-9340-F5B35FE2250C}.Release|Any CPU.ActiveCfg = Release|x86
		{24815D53-B984-49DC-9340-F5B35FE2250C}.Release|Mixed Platforms.ActiveCfg = Release|x86
		{24815D53-B984-49DC-9340-F5B35FE2250C}.Release|Mixed Platforms.Build.0 = Release|x86
		{24815D53-B984-49DC-9340-F5B35FE2250C}.Release|x64.ActiveCfg = Release|x64
		{24815D53-B984-49DC-9340-F5B35FE2250C}.Release|x64.Build.0 = Release|x64
		{24815D53-B984-49DC-9340-F5B35FE2250C}.Release|x86.ActiveCfg = Release|x86
		{24815D53-B984-49DC-9340-F5B35FE2250C}.Release|x86.Build.0 = Release|x86
		{A3357FEB-FE84-41EB-A3DD-F23462D6F465}.Debug|Any CPU.ActiveCfg = Debug|Any CPU
		{A3357FEB-FE84-41EB-A3DD-F23462D6F465}.Debug|Any CPU.Build.0 = Debug|Any CPU
		{A3357FEB-FE84-41EB-A3DD-F23462D6F465}.Debug|Mixed Platforms.ActiveCfg = Debug|Any CPU
		{A3357FEB-FE84-41EB-A3DD-F23462D6F465}.Debug|Mixed Platforms.Build.0 = Debug|Any CPU
		{A3357FEB-FE84-41EB-A3DD-F23462D6F465}.Debug|x64.ActiveCfg = Debug|x64
		{A3357FEB-FE84-41EB-A3DD-F23462D6F465}.Debug|x64.Build.0 = Debug|x64
		{A3357FEB-FE84-41EB-A3DD-F23462D6F465}.Debug|x86.ActiveCfg = Debug|x86
		{A3357FEB-FE84-41EB-A3DD-F23462D6F465}.Debug|x86.Build.0 = Debug|x86
		{A3357FEB-FE84-41EB-A3DD-F23462D6F465}.Release|Any CPU.ActiveCfg = Release|Any CPU
		{A3357FEB-FE84-41EB-A3DD-F23462D6F465}.Release|Any CPU.Build.0 = Release|Any CPU
		{A3357FEB-FE84-41EB-A3DD-F23462D6F465}.Release|Mixed Platforms.ActiveCfg = Release|Any CPU
		{A3357FEB-FE84-41EB-A3DD-F23462D6F465}.Release|Mixed Platforms.Build.0 = Release|Any CPU
		{A3357FEB-FE84-41EB-A3DD-F23462D6F465}.Release|x64.ActiveCfg = Release|x64
		{A3357FEB-FE84-41EB-A3DD-F23462D6F465}.Release|x64.Build.0 = Release|x64
		{A3357FEB-FE84-41EB-A3DD-F23462D6F465}.Release|x86.ActiveCfg = Release|x86
		{A3357FEB-FE84-41EB-A3DD-F23462D6F465}.Release|x86.Build.0 = Release|x86
		{25BBF9C9-C7CD-4C29-A0E2-36BCCDA55344}.Debug|Any CPU.ActiveCfg = Debug|Any CPU
		{25BBF9C9-C7CD-4C29-A0E2-36BCCDA55344}.Debug|Any CPU.Build.0 = Debug|Any CPU
		{25BBF9C9-C7CD-4C29-A0E2-36BCCDA55344}.Debug|Mixed Platforms.ActiveCfg = Debug|x86
		{25BBF9C9-C7CD-4C29-A0E2-36BCCDA55344}.Debug|Mixed Platforms.Build.0 = Debug|x86
		{25BBF9C9-C7CD-4C29-A0E2-36BCCDA55344}.Debug|x64.ActiveCfg = Debug|x64
		{25BBF9C9-C7CD-4C29-A0E2-36BCCDA55344}.Debug|x64.Build.0 = Debug|x64
		{25BBF9C9-C7CD-4C29-A0E2-36BCCDA55344}.Debug|x86.ActiveCfg = Debug|x86
		{25BBF9C9-C7CD-4C29-A0E2-36BCCDA55344}.Debug|x86.Build.0 = Debug|x86
		{25BBF9C9-C7CD-4C29-A0E2-36BCCDA55344}.Release|Any CPU.ActiveCfg = Release|Any CPU
		{25BBF9C9-C7CD-4C29-A0E2-36BCCDA55344}.Release|Any CPU.Build.0 = Release|Any CPU
		{25BBF9C9-C7CD-4C29-A0E2-36BCCDA55344}.Release|Mixed Platforms.ActiveCfg = Release|x86
		{25BBF9C9-C7CD-4C29-A0E2-36BCCDA55344}.Release|Mixed Platforms.Build.0 = Release|x86
		{25BBF9C9-C7CD-4C29-A0E2-36BCCDA55344}.Release|x64.ActiveCfg = Release|x64
		{25BBF9C9-C7CD-4C29-A0E2-36BCCDA55344}.Release|x64.Build.0 = Release|x64
		{25BBF9C9-C7CD-4C29-A0E2-36BCCDA55344}.Release|x86.ActiveCfg = Release|x86
		{25BBF9C9-C7CD-4C29-A0E2-36BCCDA55344}.Release|x86.Build.0 = Release|x86
		{D49D3836-7A01-4C99-8B99-4E39182E07ED}.Debug|Any CPU.ActiveCfg = Debug|Any CPU
		{D49D3836-7A01-4C99-8B99-4E39182E07ED}.Debug|Any CPU.Build.0 = Debug|Any CPU
		{D49D3836-7A01-4C99-8B99-4E39182E07ED}.Debug|Mixed Platforms.ActiveCfg = Debug|x86
		{D49D3836-7A01-4C99-8B99-4E39182E07ED}.Debug|Mixed Platforms.Build.0 = Debug|x86
		{D49D3836-7A01-4C99-8B99-4E39182E07ED}.Debug|x64.ActiveCfg = Debug|x64
		{D49D3836-7A01-4C99-8B99-4E39182E07ED}.Debug|x64.Build.0 = Debug|x64
		{D49D3836-7A01-4C99-8B99-4E39182E07ED}.Debug|x86.ActiveCfg = Debug|x86
		{D49D3836-7A01-4C99-8B99-4E39182E07ED}.Debug|x86.Build.0 = Debug|x86
		{D49D3836-7A01-4C99-8B99-4E39182E07ED}.Release|Any CPU.ActiveCfg = Release|Any CPU
		{D49D3836-7A01-4C99-8B99-4E39182E07ED}.Release|Any CPU.Build.0 = Release|Any CPU
		{D49D3836-7A01-4C99-8B99-4E39182E07ED}.Release|Mixed Platforms.ActiveCfg = Release|x86
		{D49D3836-7A01-4C99-8B99-4E39182E07ED}.Release|Mixed Platforms.Build.0 = Release|x86
		{D49D3836-7A01-4C99-8B99-4E39182E07ED}.Release|x64.ActiveCfg = Release|x64
		{D49D3836-7A01-4C99-8B99-4E39182E07ED}.Release|x64.Build.0 = Release|x64
		{D49D3836-7A01-4C99-8B99-4E39182E07ED}.Release|x86.ActiveCfg = Release|x86
		{D49D3836-7A01-4C99-8B99-4E39182E07ED}.Release|x86.Build.0 = Release|x86
		{8D8B67AB-3324-4788-84EA-C1D04DAED00A}.Debug|Any CPU.ActiveCfg = Debug|Any CPU
		{8D8B67AB-3324-4788-84EA-C1D04DAED00A}.Debug|Any CPU.Build.0 = Debug|Any CPU
		{8D8B67AB-3324-4788-84EA-C1D04DAED00A}.Debug|Mixed Platforms.ActiveCfg = Debug|Any CPU
		{8D8B67AB-3324-4788-84EA-C1D04DAED00A}.Debug|Mixed Platforms.Build.0 = Debug|Any CPU
		{8D8B67AB-3324-4788-84EA-C1D04DAED00A}.Debug|x64.ActiveCfg = Debug|x64
		{8D8B67AB-3324-4788-84EA-C1D04DAED00A}.Debug|x64.Build.0 = Debug|x64
		{8D8B67AB-3324-4788-84EA-C1D04DAED00A}.Debug|x86.ActiveCfg = Debug|x64
		{8D8B67AB-3324-4788-84EA-C1D04DAED00A}.Release|Any CPU.ActiveCfg = Release|Any CPU
		{8D8B67AB-3324-4788-84EA-C1D04DAED00A}.Release|Any CPU.Build.0 = Release|Any CPU
		{8D8B67AB-3324-4788-84EA-C1D04DAED00A}.Release|Mixed Platforms.ActiveCfg = Release|Any CPU
		{8D8B67AB-3324-4788-84EA-C1D04DAED00A}.Release|Mixed Platforms.Build.0 = Release|Any CPU
		{8D8B67AB-3324-4788-84EA-C1D04DAED00A}.Release|x64.ActiveCfg = Release|x64
		{8D8B67AB-3324-4788-84EA-C1D04DAED00A}.Release|x64.Build.0 = Release|x64
		{8D8B67AB-3324-4788-84EA-C1D04DAED00A}.Release|x86.ActiveCfg = Release|x86
		{8D8B67AB-3324-4788-84EA-C1D04DAED00A}.Release|x86.Build.0 = Release|x86
		{1553FFBD-9EB1-483E-87C2-8B1EADE570B2}.Debug|Any CPU.ActiveCfg = Debug|Any CPU
		{1553FFBD-9EB1-483E-87C2-8B1EADE570B2}.Debug|Any CPU.Build.0 = Debug|Any CPU
		{1553FFBD-9EB1-483E-87C2-8B1EADE570B2}.Debug|Mixed Platforms.ActiveCfg = Debug|Any CPU
		{1553FFBD-9EB1-483E-87C2-8B1EADE570B2}.Debug|Mixed Platforms.Build.0 = Debug|Any CPU
		{1553FFBD-9EB1-483E-87C2-8B1EADE570B2}.Debug|x64.ActiveCfg = Debug|x64
		{1553FFBD-9EB1-483E-87C2-8B1EADE570B2}.Debug|x64.Build.0 = Debug|x64
		{1553FFBD-9EB1-483E-87C2-8B1EADE570B2}.Debug|x86.ActiveCfg = Debug|x64
		{1553FFBD-9EB1-483E-87C2-8B1EADE570B2}.Release|Any CPU.ActiveCfg = Release|Any CPU
		{1553FFBD-9EB1-483E-87C2-8B1EADE570B2}.Release|Any CPU.Build.0 = Release|Any CPU
		{1553FFBD-9EB1-483E-87C2-8B1EADE570B2}.Release|Mixed Platforms.ActiveCfg = Release|Any CPU
		{1553FFBD-9EB1-483E-87C2-8B1EADE570B2}.Release|Mixed Platforms.Build.0 = Release|Any CPU
		{1553FFBD-9EB1-483E-87C2-8B1EADE570B2}.Release|x64.ActiveCfg = Release|x64
		{1553FFBD-9EB1-483E-87C2-8B1EADE570B2}.Release|x64.Build.0 = Release|x64
		{1553FFBD-9EB1-483E-87C2-8B1EADE570B2}.Release|x86.ActiveCfg = Release|x86
		{1553FFBD-9EB1-483E-87C2-8B1EADE570B2}.Release|x86.Build.0 = Release|x86
		{825B80D7-F5E8-499C-93FC-BD5FAC7345D9}.Debug|Any CPU.ActiveCfg = Debug|Any CPU
		{825B80D7-F5E8-499C-93FC-BD5FAC7345D9}.Debug|Any CPU.Build.0 = Debug|Any CPU
		{825B80D7-F5E8-499C-93FC-BD5FAC7345D9}.Debug|Mixed Platforms.ActiveCfg = Debug|x64
		{825B80D7-F5E8-499C-93FC-BD5FAC7345D9}.Debug|Mixed Platforms.Build.0 = Debug|x64
		{825B80D7-F5E8-499C-93FC-BD5FAC7345D9}.Debug|x64.ActiveCfg = Debug|x64
		{825B80D7-F5E8-499C-93FC-BD5FAC7345D9}.Debug|x64.Build.0 = Debug|x64
		{825B80D7-F5E8-499C-93FC-BD5FAC7345D9}.Debug|x86.ActiveCfg = Debug|x86
		{825B80D7-F5E8-499C-93FC-BD5FAC7345D9}.Debug|x86.Build.0 = Debug|x86
		{825B80D7-F5E8-499C-93FC-BD5FAC7345D9}.Release|Any CPU.ActiveCfg = Release|Any CPU
		{825B80D7-F5E8-499C-93FC-BD5FAC7345D9}.Release|Any CPU.Build.0 = Release|Any CPU
		{825B80D7-F5E8-499C-93FC-BD5FAC7345D9}.Release|Mixed Platforms.ActiveCfg = Release|x64
		{825B80D7-F5E8-499C-93FC-BD5FAC7345D9}.Release|Mixed Platforms.Build.0 = Release|x64
		{825B80D7-F5E8-499C-93FC-BD5FAC7345D9}.Release|x64.ActiveCfg = Release|x64
		{825B80D7-F5E8-499C-93FC-BD5FAC7345D9}.Release|x64.Build.0 = Release|x64
		{825B80D7-F5E8-499C-93FC-BD5FAC7345D9}.Release|x86.ActiveCfg = Release|x86
		{825B80D7-F5E8-499C-93FC-BD5FAC7345D9}.Release|x86.Build.0 = Release|x86
		{1716C37A-CA11-4350-BA03-EAC730605FA0}.Debug|Any CPU.ActiveCfg = Debug|Any CPU
		{1716C37A-CA11-4350-BA03-EAC730605FA0}.Debug|Any CPU.Build.0 = Debug|Any CPU
		{1716C37A-CA11-4350-BA03-EAC730605FA0}.Debug|Mixed Platforms.ActiveCfg = Debug|x64
		{1716C37A-CA11-4350-BA03-EAC730605FA0}.Debug|Mixed Platforms.Build.0 = Debug|x64
		{1716C37A-CA11-4350-BA03-EAC730605FA0}.Debug|x64.ActiveCfg = Debug|x64
		{1716C37A-CA11-4350-BA03-EAC730605FA0}.Debug|x64.Build.0 = Debug|x64
		{1716C37A-CA11-4350-BA03-EAC730605FA0}.Debug|x86.ActiveCfg = Debug|x64
		{1716C37A-CA11-4350-BA03-EAC730605FA0}.Release|Any CPU.ActiveCfg = Release|Any CPU
		{1716C37A-CA11-4350-BA03-EAC730605FA0}.Release|Any CPU.Build.0 = Release|Any CPU
		{1716C37A-CA11-4350-BA03-EAC730605FA0}.Release|Mixed Platforms.ActiveCfg = Release|x64
		{1716C37A-CA11-4350-BA03-EAC730605FA0}.Release|Mixed Platforms.Build.0 = Release|x64
		{1716C37A-CA11-4350-BA03-EAC730605FA0}.Release|x64.ActiveCfg = Release|x64
		{1716C37A-CA11-4350-BA03-EAC730605FA0}.Release|x64.Build.0 = Release|x64
		{1716C37A-CA11-4350-BA03-EAC730605FA0}.Release|x86.ActiveCfg = Release|x86
		{1716C37A-CA11-4350-BA03-EAC730605FA0}.Release|x86.Build.0 = Release|x86
		{4A03385F-5834-404B-AC9B-B11BFF3A4E9D}.Debug|Any CPU.ActiveCfg = Debug|Any CPU
		{4A03385F-5834-404B-AC9B-B11BFF3A4E9D}.Debug|Any CPU.Build.0 = Debug|Any CPU
		{4A03385F-5834-404B-AC9B-B11BFF3A4E9D}.Debug|Mixed Platforms.ActiveCfg = Debug|Any CPU
		{4A03385F-5834-404B-AC9B-B11BFF3A4E9D}.Debug|Mixed Platforms.Build.0 = Debug|Any CPU
		{4A03385F-5834-404B-AC9B-B11BFF3A4E9D}.Debug|x64.ActiveCfg = Debug|x64
		{4A03385F-5834-404B-AC9B-B11BFF3A4E9D}.Debug|x64.Build.0 = Debug|x64
		{4A03385F-5834-404B-AC9B-B11BFF3A4E9D}.Debug|x86.ActiveCfg = Debug|x64
		{4A03385F-5834-404B-AC9B-B11BFF3A4E9D}.Release|Any CPU.ActiveCfg = Release|Any CPU
		{4A03385F-5834-404B-AC9B-B11BFF3A4E9D}.Release|Any CPU.Build.0 = Release|Any CPU
		{4A03385F-5834-404B-AC9B-B11BFF3A4E9D}.Release|Mixed Platforms.ActiveCfg = Release|Any CPU
		{4A03385F-5834-404B-AC9B-B11BFF3A4E9D}.Release|Mixed Platforms.Build.0 = Release|Any CPU
		{4A03385F-5834-404B-AC9B-B11BFF3A4E9D}.Release|x64.ActiveCfg = Release|x64
		{4A03385F-5834-404B-AC9B-B11BFF3A4E9D}.Release|x64.Build.0 = Release|x64
		{4A03385F-5834-404B-AC9B-B11BFF3A4E9D}.Release|x86.ActiveCfg = Release|x86
		{4A03385F-5834-404B-AC9B-B11BFF3A4E9D}.Release|x86.Build.0 = Release|x86
		{EC7E51D3-9790-41D7-B64D-A2E6837E1E0F}.Debug|Any CPU.ActiveCfg = Debug|Any CPU
		{EC7E51D3-9790-41D7-B64D-A2E6837E1E0F}.Debug|Any CPU.Build.0 = Debug|Any CPU
		{EC7E51D3-9790-41D7-B64D-A2E6837E1E0F}.Debug|Mixed Platforms.ActiveCfg = Debug|x64
		{EC7E51D3-9790-41D7-B64D-A2E6837E1E0F}.Debug|Mixed Platforms.Build.0 = Debug|x64
		{EC7E51D3-9790-41D7-B64D-A2E6837E1E0F}.Debug|x64.ActiveCfg = Debug|x64
		{EC7E51D3-9790-41D7-B64D-A2E6837E1E0F}.Debug|x64.Build.0 = Debug|x64
		{EC7E51D3-9790-41D7-B64D-A2E6837E1E0F}.Debug|x86.ActiveCfg = Debug|x64
		{EC7E51D3-9790-41D7-B64D-A2E6837E1E0F}.Release|Any CPU.ActiveCfg = Release|Any CPU
		{EC7E51D3-9790-41D7-B64D-A2E6837E1E0F}.Release|Any CPU.Build.0 = Release|Any CPU
		{EC7E51D3-9790-41D7-B64D-A2E6837E1E0F}.Release|Mixed Platforms.ActiveCfg = Release|x64
		{EC7E51D3-9790-41D7-B64D-A2E6837E1E0F}.Release|Mixed Platforms.Build.0 = Release|x64
		{EC7E51D3-9790-41D7-B64D-A2E6837E1E0F}.Release|x64.ActiveCfg = Release|x64
		{EC7E51D3-9790-41D7-B64D-A2E6837E1E0F}.Release|x64.Build.0 = Release|x64
		{EC7E51D3-9790-41D7-B64D-A2E6837E1E0F}.Release|x86.ActiveCfg = Release|x86
		{EC7E51D3-9790-41D7-B64D-A2E6837E1E0F}.Release|x86.Build.0 = Release|x86
		{99607A55-A19F-4BA2-9577-E9916566D540}.Debug|Any CPU.ActiveCfg = Debug|Any CPU
		{99607A55-A19F-4BA2-9577-E9916566D540}.Debug|Any CPU.Build.0 = Debug|Any CPU
		{99607A55-A19F-4BA2-9577-E9916566D540}.Debug|Mixed Platforms.ActiveCfg = Debug|x86
		{99607A55-A19F-4BA2-9577-E9916566D540}.Debug|Mixed Platforms.Build.0 = Debug|x86
		{99607A55-A19F-4BA2-9577-E9916566D540}.Debug|x64.ActiveCfg = Debug|x64
		{99607A55-A19F-4BA2-9577-E9916566D540}.Debug|x64.Build.0 = Debug|x64
		{99607A55-A19F-4BA2-9577-E9916566D540}.Debug|x86.ActiveCfg = Debug|x86
		{99607A55-A19F-4BA2-9577-E9916566D540}.Debug|x86.Build.0 = Debug|x86
		{99607A55-A19F-4BA2-9577-E9916566D540}.Release|Any CPU.ActiveCfg = Release|Any CPU
		{99607A55-A19F-4BA2-9577-E9916566D540}.Release|Any CPU.Build.0 = Release|Any CPU
		{99607A55-A19F-4BA2-9577-E9916566D540}.Release|Mixed Platforms.ActiveCfg = Release|x86
		{99607A55-A19F-4BA2-9577-E9916566D540}.Release|Mixed Platforms.Build.0 = Release|x86
		{99607A55-A19F-4BA2-9577-E9916566D540}.Release|x64.ActiveCfg = Release|x64
		{99607A55-A19F-4BA2-9577-E9916566D540}.Release|x64.Build.0 = Release|x64
		{99607A55-A19F-4BA2-9577-E9916566D540}.Release|x86.ActiveCfg = Release|x86
		{99607A55-A19F-4BA2-9577-E9916566D540}.Release|x86.Build.0 = Release|x86
		{88B473F5-8A1A-4AC0-B5E8-607DB20DC576}.Debug|Any CPU.ActiveCfg = Debug|Any CPU
		{88B473F5-8A1A-4AC0-B5E8-607DB20DC576}.Debug|Any CPU.Build.0 = Debug|Any CPU
		{88B473F5-8A1A-4AC0-B5E8-607DB20DC576}.Debug|Mixed Platforms.ActiveCfg = Debug|x86
		{88B473F5-8A1A-4AC0-B5E8-607DB20DC576}.Debug|Mixed Platforms.Build.0 = Debug|x86
		{88B473F5-8A1A-4AC0-B5E8-607DB20DC576}.Debug|x64.ActiveCfg = Debug|x64
		{88B473F5-8A1A-4AC0-B5E8-607DB20DC576}.Debug|x64.Build.0 = Debug|x64
		{88B473F5-8A1A-4AC0-B5E8-607DB20DC576}.Debug|x86.ActiveCfg = Debug|x86
		{88B473F5-8A1A-4AC0-B5E8-607DB20DC576}.Debug|x86.Build.0 = Debug|x86
		{88B473F5-8A1A-4AC0-B5E8-607DB20DC576}.Release|Any CPU.ActiveCfg = Release|Any CPU
		{88B473F5-8A1A-4AC0-B5E8-607DB20DC576}.Release|Any CPU.Build.0 = Release|Any CPU
		{88B473F5-8A1A-4AC0-B5E8-607DB20DC576}.Release|Mixed Platforms.ActiveCfg = Release|x86
		{88B473F5-8A1A-4AC0-B5E8-607DB20DC576}.Release|Mixed Platforms.Build.0 = Release|x86
		{88B473F5-8A1A-4AC0-B5E8-607DB20DC576}.Release|x64.ActiveCfg = Release|x64
		{88B473F5-8A1A-4AC0-B5E8-607DB20DC576}.Release|x64.Build.0 = Release|x64
		{88B473F5-8A1A-4AC0-B5E8-607DB20DC576}.Release|x86.ActiveCfg = Release|x86
		{88B473F5-8A1A-4AC0-B5E8-607DB20DC576}.Release|x86.Build.0 = Release|x86
		{0EEFA8DD-523D-423F-BB92-DD586908803A}.Debug|Any CPU.ActiveCfg = Debug|Any CPU
		{0EEFA8DD-523D-423F-BB92-DD586908803A}.Debug|Any CPU.Build.0 = Debug|Any CPU
		{0EEFA8DD-523D-423F-BB92-DD586908803A}.Debug|Mixed Platforms.ActiveCfg = Debug|x86
		{0EEFA8DD-523D-423F-BB92-DD586908803A}.Debug|Mixed Platforms.Build.0 = Debug|x86
		{0EEFA8DD-523D-423F-BB92-DD586908803A}.Debug|x64.ActiveCfg = Debug|x64
		{0EEFA8DD-523D-423F-BB92-DD586908803A}.Debug|x64.Build.0 = Debug|x64
		{0EEFA8DD-523D-423F-BB92-DD586908803A}.Debug|x86.ActiveCfg = Debug|x86
		{0EEFA8DD-523D-423F-BB92-DD586908803A}.Debug|x86.Build.0 = Debug|x86
		{0EEFA8DD-523D-423F-BB92-DD586908803A}.Release|Any CPU.ActiveCfg = Release|Any CPU
		{0EEFA8DD-523D-423F-BB92-DD586908803A}.Release|Any CPU.Build.0 = Release|Any CPU
		{0EEFA8DD-523D-423F-BB92-DD586908803A}.Release|Mixed Platforms.ActiveCfg = Release|x86
		{0EEFA8DD-523D-423F-BB92-DD586908803A}.Release|Mixed Platforms.Build.0 = Release|x86
		{0EEFA8DD-523D-423F-BB92-DD586908803A}.Release|x64.ActiveCfg = Release|x64
		{0EEFA8DD-523D-423F-BB92-DD586908803A}.Release|x64.Build.0 = Release|x64
		{0EEFA8DD-523D-423F-BB92-DD586908803A}.Release|x86.ActiveCfg = Release|x86
		{0EEFA8DD-523D-423F-BB92-DD586908803A}.Release|x86.Build.0 = Release|x86
		{1559C3A9-CC72-4212-8364-188D405EC560}.Debug|Any CPU.ActiveCfg = Debug|Any CPU
		{1559C3A9-CC72-4212-8364-188D405EC560}.Debug|Any CPU.Build.0 = Debug|Any CPU
		{1559C3A9-CC72-4212-8364-188D405EC560}.Debug|Mixed Platforms.ActiveCfg = Debug|Any CPU
		{1559C3A9-CC72-4212-8364-188D405EC560}.Debug|Mixed Platforms.Build.0 = Debug|Any CPU
		{1559C3A9-CC72-4212-8364-188D405EC560}.Debug|x64.ActiveCfg = Debug|x64
		{1559C3A9-CC72-4212-8364-188D405EC560}.Debug|x64.Build.0 = Debug|x64
		{1559C3A9-CC72-4212-8364-188D405EC560}.Debug|x86.ActiveCfg = Debug|Any CPU
		{1559C3A9-CC72-4212-8364-188D405EC560}.Debug|x86.Build.0 = Debug|Any CPU
		{1559C3A9-CC72-4212-8364-188D405EC560}.Release|Any CPU.ActiveCfg = Release|Any CPU
		{1559C3A9-CC72-4212-8364-188D405EC560}.Release|Any CPU.Build.0 = Release|Any CPU
		{1559C3A9-CC72-4212-8364-188D405EC560}.Release|Mixed Platforms.ActiveCfg = Release|Any CPU
		{1559C3A9-CC72-4212-8364-188D405EC560}.Release|Mixed Platforms.Build.0 = Release|Any CPU
		{1559C3A9-CC72-4212-8364-188D405EC560}.Release|x64.ActiveCfg = Release|x64
		{1559C3A9-CC72-4212-8364-188D405EC560}.Release|x64.Build.0 = Release|x64
		{1559C3A9-CC72-4212-8364-188D405EC560}.Release|x86.ActiveCfg = Release|Any CPU
		{1559C3A9-CC72-4212-8364-188D405EC560}.Release|x86.Build.0 = Release|Any CPU
		{D19697E2-D16B-4534-A7A2-CE482C924495}.Debug|Any CPU.ActiveCfg = Debug|Any CPU
		{D19697E2-D16B-4534-A7A2-CE482C924495}.Debug|Any CPU.Build.0 = Debug|Any CPU
		{D19697E2-D16B-4534-A7A2-CE482C924495}.Debug|Mixed Platforms.ActiveCfg = Debug|x86
		{D19697E2-D16B-4534-A7A2-CE482C924495}.Debug|Mixed Platforms.Build.0 = Debug|x86
		{D19697E2-D16B-4534-A7A2-CE482C924495}.Debug|x64.ActiveCfg = Debug|x64
		{D19697E2-D16B-4534-A7A2-CE482C924495}.Debug|x64.Build.0 = Debug|x64
		{D19697E2-D16B-4534-A7A2-CE482C924495}.Debug|x86.ActiveCfg = Debug|x86
		{D19697E2-D16B-4534-A7A2-CE482C924495}.Debug|x86.Build.0 = Debug|x86
		{D19697E2-D16B-4534-A7A2-CE482C924495}.Release|Any CPU.ActiveCfg = Release|Any CPU
		{D19697E2-D16B-4534-A7A2-CE482C924495}.Release|Any CPU.Build.0 = Release|Any CPU
		{D19697E2-D16B-4534-A7A2-CE482C924495}.Release|Mixed Platforms.ActiveCfg = Release|x86
		{D19697E2-D16B-4534-A7A2-CE482C924495}.Release|Mixed Platforms.Build.0 = Release|x86
		{D19697E2-D16B-4534-A7A2-CE482C924495}.Release|x64.ActiveCfg = Release|x64
		{D19697E2-D16B-4534-A7A2-CE482C924495}.Release|x64.Build.0 = Release|x64
		{D19697E2-D16B-4534-A7A2-CE482C924495}.Release|x86.ActiveCfg = Release|x86
		{D19697E2-D16B-4534-A7A2-CE482C924495}.Release|x86.Build.0 = Release|x86
		{081DC5DC-22F9-408F-A3B0-313BA0ACA57D}.Debug|Any CPU.ActiveCfg = Debug|Any CPU
		{081DC5DC-22F9-408F-A3B0-313BA0ACA57D}.Debug|Any CPU.Build.0 = Debug|Any CPU
		{081DC5DC-22F9-408F-A3B0-313BA0ACA57D}.Debug|Mixed Platforms.ActiveCfg = Debug|x86
		{081DC5DC-22F9-408F-A3B0-313BA0ACA57D}.Debug|Mixed Platforms.Build.0 = Debug|x86
		{081DC5DC-22F9-408F-A3B0-313BA0ACA57D}.Debug|x64.ActiveCfg = Debug|x64
		{081DC5DC-22F9-408F-A3B0-313BA0ACA57D}.Debug|x64.Build.0 = Debug|x64
		{081DC5DC-22F9-408F-A3B0-313BA0ACA57D}.Debug|x86.ActiveCfg = Debug|x86
		{081DC5DC-22F9-408F-A3B0-313BA0ACA57D}.Debug|x86.Build.0 = Debug|x86
		{081DC5DC-22F9-408F-A3B0-313BA0ACA57D}.Release|Any CPU.ActiveCfg = Release|Any CPU
		{081DC5DC-22F9-408F-A3B0-313BA0ACA57D}.Release|Any CPU.Build.0 = Release|Any CPU
		{081DC5DC-22F9-408F-A3B0-313BA0ACA57D}.Release|Mixed Platforms.ActiveCfg = Release|x86
		{081DC5DC-22F9-408F-A3B0-313BA0ACA57D}.Release|Mixed Platforms.Build.0 = Release|x86
		{081DC5DC-22F9-408F-A3B0-313BA0ACA57D}.Release|x64.ActiveCfg = Release|x64
		{081DC5DC-22F9-408F-A3B0-313BA0ACA57D}.Release|x64.Build.0 = Release|x64
		{081DC5DC-22F9-408F-A3B0-313BA0ACA57D}.Release|x86.ActiveCfg = Release|x86
		{081DC5DC-22F9-408F-A3B0-313BA0ACA57D}.Release|x86.Build.0 = Release|x86
		{3FB3D536-1760-47BF-9D11-F428571BA2B6}.Debug|Any CPU.ActiveCfg = Debug|Any CPU
		{3FB3D536-1760-47BF-9D11-F428571BA2B6}.Debug|Any CPU.Build.0 = Debug|Any CPU
		{3FB3D536-1760-47BF-9D11-F428571BA2B6}.Debug|Mixed Platforms.ActiveCfg = Debug|Any CPU
		{3FB3D536-1760-47BF-9D11-F428571BA2B6}.Debug|Mixed Platforms.Build.0 = Debug|Any CPU
		{3FB3D536-1760-47BF-9D11-F428571BA2B6}.Debug|x64.ActiveCfg = Debug|x64
		{3FB3D536-1760-47BF-9D11-F428571BA2B6}.Debug|x64.Build.0 = Debug|x64
		{3FB3D536-1760-47BF-9D11-F428571BA2B6}.Debug|x86.ActiveCfg = Debug|Any CPU
		{3FB3D536-1760-47BF-9D11-F428571BA2B6}.Debug|x86.Build.0 = Debug|Any CPU
		{3FB3D536-1760-47BF-9D11-F428571BA2B6}.Release|Any CPU.ActiveCfg = Release|Any CPU
		{3FB3D536-1760-47BF-9D11-F428571BA2B6}.Release|Any CPU.Build.0 = Release|Any CPU
		{3FB3D536-1760-47BF-9D11-F428571BA2B6}.Release|Mixed Platforms.ActiveCfg = Release|Any CPU
		{3FB3D536-1760-47BF-9D11-F428571BA2B6}.Release|Mixed Platforms.Build.0 = Release|Any CPU
		{3FB3D536-1760-47BF-9D11-F428571BA2B6}.Release|x64.ActiveCfg = Release|x64
		{3FB3D536-1760-47BF-9D11-F428571BA2B6}.Release|x64.Build.0 = Release|x64
		{3FB3D536-1760-47BF-9D11-F428571BA2B6}.Release|x86.ActiveCfg = Release|Any CPU
		{3FB3D536-1760-47BF-9D11-F428571BA2B6}.Release|x86.Build.0 = Release|Any CPU
		{51C3B0C3-34ED-4A09-AD61-6EA8F3D642ED}.Debug|Any CPU.ActiveCfg = Debug|Any CPU
		{51C3B0C3-34ED-4A09-AD61-6EA8F3D642ED}.Debug|Any CPU.Build.0 = Debug|Any CPU
		{51C3B0C3-34ED-4A09-AD61-6EA8F3D642ED}.Debug|Mixed Platforms.ActiveCfg = Debug|x86
		{51C3B0C3-34ED-4A09-AD61-6EA8F3D642ED}.Debug|Mixed Platforms.Build.0 = Debug|x86
		{51C3B0C3-34ED-4A09-AD61-6EA8F3D642ED}.Debug|x64.ActiveCfg = Debug|x64
		{51C3B0C3-34ED-4A09-AD61-6EA8F3D642ED}.Debug|x64.Build.0 = Debug|x64
		{51C3B0C3-34ED-4A09-AD61-6EA8F3D642ED}.Debug|x86.ActiveCfg = Debug|x86
		{51C3B0C3-34ED-4A09-AD61-6EA8F3D642ED}.Debug|x86.Build.0 = Debug|x86
		{51C3B0C3-34ED-4A09-AD61-6EA8F3D642ED}.Release|Any CPU.ActiveCfg = Release|Any CPU
		{51C3B0C3-34ED-4A09-AD61-6EA8F3D642ED}.Release|Any CPU.Build.0 = Release|Any CPU
		{51C3B0C3-34ED-4A09-AD61-6EA8F3D642ED}.Release|Mixed Platforms.ActiveCfg = Release|x86
		{51C3B0C3-34ED-4A09-AD61-6EA8F3D642ED}.Release|Mixed Platforms.Build.0 = Release|x86
		{51C3B0C3-34ED-4A09-AD61-6EA8F3D642ED}.Release|x64.ActiveCfg = Release|x64
		{51C3B0C3-34ED-4A09-AD61-6EA8F3D642ED}.Release|x64.Build.0 = Release|x64
		{51C3B0C3-34ED-4A09-AD61-6EA8F3D642ED}.Release|x86.ActiveCfg = Release|x86
		{51C3B0C3-34ED-4A09-AD61-6EA8F3D642ED}.Release|x86.Build.0 = Release|x86
		{31F5990B-08D5-41F6-8CEB-4849430E79A1}.Debug|Any CPU.ActiveCfg = Debug|Any CPU
		{31F5990B-08D5-41F6-8CEB-4849430E79A1}.Debug|Any CPU.Build.0 = Debug|Any CPU
		{31F5990B-08D5-41F6-8CEB-4849430E79A1}.Debug|Mixed Platforms.ActiveCfg = Debug|x86
		{31F5990B-08D5-41F6-8CEB-4849430E79A1}.Debug|Mixed Platforms.Build.0 = Debug|x86
		{31F5990B-08D5-41F6-8CEB-4849430E79A1}.Debug|x64.ActiveCfg = Debug|x64
		{31F5990B-08D5-41F6-8CEB-4849430E79A1}.Debug|x64.Build.0 = Debug|x64
		{31F5990B-08D5-41F6-8CEB-4849430E79A1}.Debug|x86.ActiveCfg = Debug|x86
		{31F5990B-08D5-41F6-8CEB-4849430E79A1}.Debug|x86.Build.0 = Debug|x86
		{31F5990B-08D5-41F6-8CEB-4849430E79A1}.Release|Any CPU.ActiveCfg = Release|Any CPU
		{31F5990B-08D5-41F6-8CEB-4849430E79A1}.Release|Any CPU.Build.0 = Release|Any CPU
		{31F5990B-08D5-41F6-8CEB-4849430E79A1}.Release|Mixed Platforms.ActiveCfg = Release|x86
		{31F5990B-08D5-41F6-8CEB-4849430E79A1}.Release|Mixed Platforms.Build.0 = Release|x86
		{31F5990B-08D5-41F6-8CEB-4849430E79A1}.Release|x64.ActiveCfg = Release|x64
		{31F5990B-08D5-41F6-8CEB-4849430E79A1}.Release|x64.Build.0 = Release|x64
		{31F5990B-08D5-41F6-8CEB-4849430E79A1}.Release|x86.ActiveCfg = Release|x86
		{31F5990B-08D5-41F6-8CEB-4849430E79A1}.Release|x86.Build.0 = Release|x86
		{748ABCCC-A176-4C08-A70F-0E2764A10EEE}.Debug|Any CPU.ActiveCfg = Debug|Any CPU
		{748ABCCC-A176-4C08-A70F-0E2764A10EEE}.Debug|Any CPU.Build.0 = Debug|Any CPU
		{748ABCCC-A176-4C08-A70F-0E2764A10EEE}.Debug|Mixed Platforms.ActiveCfg = Debug|x86
		{748ABCCC-A176-4C08-A70F-0E2764A10EEE}.Debug|Mixed Platforms.Build.0 = Debug|x86
		{748ABCCC-A176-4C08-A70F-0E2764A10EEE}.Debug|x64.ActiveCfg = Debug|x64
		{748ABCCC-A176-4C08-A70F-0E2764A10EEE}.Debug|x64.Build.0 = Debug|x64
		{748ABCCC-A176-4C08-A70F-0E2764A10EEE}.Debug|x86.ActiveCfg = Debug|x86
		{748ABCCC-A176-4C08-A70F-0E2764A10EEE}.Debug|x86.Build.0 = Debug|x86
		{748ABCCC-A176-4C08-A70F-0E2764A10EEE}.Release|Any CPU.ActiveCfg = Release|Any CPU
		{748ABCCC-A176-4C08-A70F-0E2764A10EEE}.Release|Any CPU.Build.0 = Release|Any CPU
		{748ABCCC-A176-4C08-A70F-0E2764A10EEE}.Release|Mixed Platforms.ActiveCfg = Release|x86
		{748ABCCC-A176-4C08-A70F-0E2764A10EEE}.Release|Mixed Platforms.Build.0 = Release|x86
		{748ABCCC-A176-4C08-A70F-0E2764A10EEE}.Release|x64.ActiveCfg = Release|x64
		{748ABCCC-A176-4C08-A70F-0E2764A10EEE}.Release|x64.Build.0 = Release|x64
		{748ABCCC-A176-4C08-A70F-0E2764A10EEE}.Release|x86.ActiveCfg = Release|x86
		{748ABCCC-A176-4C08-A70F-0E2764A10EEE}.Release|x86.Build.0 = Release|x86
		{22AC10E7-3970-4FEC-A7D4-845AB463A2E6}.Debug|Any CPU.ActiveCfg = Debug|Any CPU
		{22AC10E7-3970-4FEC-A7D4-845AB463A2E6}.Debug|Any CPU.Build.0 = Debug|Any CPU
		{22AC10E7-3970-4FEC-A7D4-845AB463A2E6}.Debug|Mixed Platforms.ActiveCfg = Debug|Any CPU
		{22AC10E7-3970-4FEC-A7D4-845AB463A2E6}.Debug|Mixed Platforms.Build.0 = Debug|Any CPU
		{22AC10E7-3970-4FEC-A7D4-845AB463A2E6}.Debug|x64.ActiveCfg = Debug|x64
		{22AC10E7-3970-4FEC-A7D4-845AB463A2E6}.Debug|x64.Build.0 = Debug|x64
		{22AC10E7-3970-4FEC-A7D4-845AB463A2E6}.Debug|x86.ActiveCfg = Debug|Any CPU
		{22AC10E7-3970-4FEC-A7D4-845AB463A2E6}.Debug|x86.Build.0 = Debug|Any CPU
		{22AC10E7-3970-4FEC-A7D4-845AB463A2E6}.Release|Any CPU.ActiveCfg = Release|Any CPU
		{22AC10E7-3970-4FEC-A7D4-845AB463A2E6}.Release|Any CPU.Build.0 = Release|Any CPU
		{22AC10E7-3970-4FEC-A7D4-845AB463A2E6}.Release|Mixed Platforms.ActiveCfg = Release|Any CPU
		{22AC10E7-3970-4FEC-A7D4-845AB463A2E6}.Release|Mixed Platforms.Build.0 = Release|Any CPU
		{22AC10E7-3970-4FEC-A7D4-845AB463A2E6}.Release|x64.ActiveCfg = Release|x64
		{22AC10E7-3970-4FEC-A7D4-845AB463A2E6}.Release|x64.Build.0 = Release|x64
		{22AC10E7-3970-4FEC-A7D4-845AB463A2E6}.Release|x86.ActiveCfg = Release|Any CPU
		{22AC10E7-3970-4FEC-A7D4-845AB463A2E6}.Release|x86.Build.0 = Release|Any CPU
		{E416F156-3BE6-4657-84D1-5238CD62DDF0}.Debug|Any CPU.ActiveCfg = Debug
		{E416F156-3BE6-4657-84D1-5238CD62DDF0}.Debug|Mixed Platforms.ActiveCfg = Debug
		{E416F156-3BE6-4657-84D1-5238CD62DDF0}.Debug|x64.ActiveCfg = Debug
		{E416F156-3BE6-4657-84D1-5238CD62DDF0}.Debug|x86.ActiveCfg = Debug
		{E416F156-3BE6-4657-84D1-5238CD62DDF0}.Release|Any CPU.ActiveCfg = Release
		{E416F156-3BE6-4657-84D1-5238CD62DDF0}.Release|Mixed Platforms.ActiveCfg = Release
		{E416F156-3BE6-4657-84D1-5238CD62DDF0}.Release|x64.ActiveCfg = Release
		{E416F156-3BE6-4657-84D1-5238CD62DDF0}.Release|x86.ActiveCfg = Release
	EndGlobalSection
	GlobalSection(SolutionProperties) = preSolution
		HideSolutionNode = FALSE
	EndGlobalSection
	GlobalSection(ExtensibilityGlobals) = postSolution
		SolutionGuid = {9282B269-B5FE-437B-B664-99D6D488C580}
	EndGlobalSection
EndGlobal
